// !$*UTF8*$!
{
	archiveVersion = 1;
	classes = {
	};
	objectVersion = 46;
	objects = {

/* Begin PBXBuildFile section */
		53191C1DF6113279633CF0BB /* libPods-Miko'sDemo.a in Frameworks */ = {isa = PBXBuildFile; fileRef = D63A9B5D40457A6A5E714F88 /* libPods-Miko'sDemo.a */; };
		B220AC661F3C79C600B9D92B /* JokeModel.m in Sources */ = {isa = PBXBuildFile; fileRef = B220AC651F3C79C600B9D92B /* JokeModel.m */; };
		B220AC691F3C7D4500B9D92B /* JokeTableViewCell.m in Sources */ = {isa = PBXBuildFile; fileRef = B220AC681F3C7D4500B9D92B /* JokeTableViewCell.m */; };
		B2223F351F3D894B00609314 /* UINavigationController+EX.m in Sources */ = {isa = PBXBuildFile; fileRef = B2223F341F3D894B00609314 /* UINavigationController+EX.m */; };
		B26334FB1F3C3E8E005C5312 /* MainViewController.m in Sources */ = {isa = PBXBuildFile; fileRef = B26334FA1F3C3E8E005C5312 /* MainViewController.m */; };
		B26335021F3C48A1005C5312 /* JokeTableViewController.m in Sources */ = {isa = PBXBuildFile; fileRef = B26335011F3C48A1005C5312 /* JokeTableViewController.m */; };
		B26335071F3C4B81005C5312 /* SQServiceUtil.m in Sources */ = {isa = PBXBuildFile; fileRef = B26335061F3C4B81005C5312 /* SQServiceUtil.m */; };
		B263350A1F3C5900005C5312 /* SQLoadingView.m in Sources */ = {isa = PBXBuildFile; fileRef = B26335091F3C5900005C5312 /* SQLoadingView.m */; };
		B26B3EBF1F0E17D8007A571D /* main.m in Sources */ = {isa = PBXBuildFile; fileRef = B26B3EBE1F0E17D8007A571D /* main.m */; };
		B26B3EC21F0E17D8007A571D /* AppDelegate.m in Sources */ = {isa = PBXBuildFile; fileRef = B26B3EC11F0E17D8007A571D /* AppDelegate.m */; };
		B26B3EC51F0E17D8007A571D /* FirstViewController.m in Sources */ = {isa = PBXBuildFile; fileRef = B26B3EC41F0E17D8007A571D /* FirstViewController.m */; };
		B26B3EC81F0E17D8007A571D /* SecondViewController.m in Sources */ = {isa = PBXBuildFile; fileRef = B26B3EC71F0E17D8007A571D /* SecondViewController.m */; };
		B26B3ECB1F0E17D8007A571D /* Main.storyboard in Resources */ = {isa = PBXBuildFile; fileRef = B26B3EC91F0E17D8007A571D /* Main.storyboard */; };
		B26B3ECD1F0E17D8007A571D /* Assets.xcassets in Resources */ = {isa = PBXBuildFile; fileRef = B26B3ECC1F0E17D8007A571D /* Assets.xcassets */; };
		B26B3ED01F0E17D8007A571D /* LaunchScreen.storyboard in Resources */ = {isa = PBXBuildFile; fileRef = B26B3ECE1F0E17D8007A571D /* LaunchScreen.storyboard */; };
		B26B3EDB1F0E17D8007A571D /* Miko_sDemoTests.m in Sources */ = {isa = PBXBuildFile; fileRef = B26B3EDA1F0E17D8007A571D /* Miko_sDemoTests.m */; };
		B26B3EE61F0E17D8007A571D /* Miko_sDemoUITests.m in Sources */ = {isa = PBXBuildFile; fileRef = B26B3EE51F0E17D8007A571D /* Miko_sDemoUITests.m */; };
		B26B3EFC1F0E1DB1007A571D /* LYWCollectionViewCell.m in Sources */ = {isa = PBXBuildFile; fileRef = B26B3EFB1F0E1DB1007A571D /* LYWCollectionViewCell.m */; };
		B26B3EFF1F0E1E35007A571D /* LYWCollectionReusableView.m in Sources */ = {isa = PBXBuildFile; fileRef = B26B3EFE1F0E1E35007A571D /* LYWCollectionReusableView.m */; };
		B26B3F021F0E2039007A571D /* NSDate+EX.m in Sources */ = {isa = PBXBuildFile; fileRef = B26B3F011F0E2039007A571D /* NSDate+EX.m */; };
		B26C5E981F3EE69500D68084 /* SQAdvertisingScrollView.m in Sources */ = {isa = PBXBuildFile; fileRef = B26C5E971F3EE69500D68084 /* SQAdvertisingScrollView.m */; };
		B26C5E9C1F3EF00300D68084 /* AdvertisingModel.m in Sources */ = {isa = PBXBuildFile; fileRef = B26C5E9B1F3EF00300D68084 /* AdvertisingModel.m */; };
		B26C5E9F1F3EF14200D68084 /* NSString+EX.m in Sources */ = {isa = PBXBuildFile; fileRef = B26C5E9E1F3EF14200D68084 /* NSString+EX.m */; };
		B272E7871F134BC600DC96E6 /* SQTools.m in Sources */ = {isa = PBXBuildFile; fileRef = B272E7861F134BC600DC96E6 /* SQTools.m */; };
/* End PBXBuildFile section */

/* Begin PBXContainerItemProxy section */
		B26B3ED71F0E17D8007A571D /* PBXContainerItemProxy */ = {
			isa = PBXContainerItemProxy;
			containerPortal = B26B3EB21F0E17D8007A571D /* Project object */;
			proxyType = 1;
			remoteGlobalIDString = B26B3EB91F0E17D8007A571D;
			remoteInfo = "Miko'sDemo";
		};
		B26B3EE21F0E17D8007A571D /* PBXContainerItemProxy */ = {
			isa = PBXContainerItemProxy;
			containerPortal = B26B3EB21F0E17D8007A571D /* Project object */;
			proxyType = 1;
			remoteGlobalIDString = B26B3EB91F0E17D8007A571D;
			remoteInfo = "Miko'sDemo";
		};
/* End PBXContainerItemProxy section */

/* Begin PBXFileReference section */
		0605D68D5A588844C534EBCA /* Pods-Miko'sDemo.release.xcconfig */ = {isa = PBXFileReference; includeInIndex = 1; lastKnownFileType = text.xcconfig; name = "Pods-Miko'sDemo.release.xcconfig"; path = "Pods/Target Support Files/Pods-Miko'sDemo/Pods-Miko'sDemo.release.xcconfig"; sourceTree = "<group>"; };
		B0E113C820D1DA822DCFA51C /* Pods-Miko'sDemo.debug.xcconfig */ = {isa = PBXFileReference; includeInIndex = 1; lastKnownFileType = text.xcconfig; name = "Pods-Miko'sDemo.debug.xcconfig"; path = "Pods/Target Support Files/Pods-Miko'sDemo/Pods-Miko'sDemo.debug.xcconfig"; sourceTree = "<group>"; };
		B220AC641F3C79C600B9D92B /* JokeModel.h */ = {isa = PBXFileReference; fileEncoding = 4; lastKnownFileType = sourcecode.c.h; path = JokeModel.h; sourceTree = "<group>"; };
		B220AC651F3C79C600B9D92B /* JokeModel.m */ = {isa = PBXFileReference; fileEncoding = 4; lastKnownFileType = sourcecode.c.objc; path = JokeModel.m; sourceTree = "<group>"; };
		B220AC671F3C7D4500B9D92B /* JokeTableViewCell.h */ = {isa = PBXFileReference; fileEncoding = 4; lastKnownFileType = sourcecode.c.h; path = JokeTableViewCell.h; sourceTree = "<group>"; };
		B220AC681F3C7D4500B9D92B /* JokeTableViewCell.m */ = {isa = PBXFileReference; fileEncoding = 4; lastKnownFileType = sourcecode.c.objc; path = JokeTableViewCell.m; sourceTree = "<group>"; };
		B2223F331F3D894B00609314 /* UINavigationController+EX.h */ = {isa = PBXFileReference; fileEncoding = 4; lastKnownFileType = sourcecode.c.h; path = "UINavigationController+EX.h"; sourceTree = "<group>"; };
		B2223F341F3D894B00609314 /* UINavigationController+EX.m */ = {isa = PBXFileReference; fileEncoding = 4; lastKnownFileType = sourcecode.c.objc; path = "UINavigationController+EX.m"; sourceTree = "<group>"; };
		B26334F91F3C3E8E005C5312 /* MainViewController.h */ = {isa = PBXFileReference; fileEncoding = 4; lastKnownFileType = sourcecode.c.h; path = MainViewController.h; sourceTree = "<group>"; };
		B26334FA1F3C3E8E005C5312 /* MainViewController.m */ = {isa = PBXFileReference; fileEncoding = 4; lastKnownFileType = sourcecode.c.objc; path = MainViewController.m; sourceTree = "<group>"; };
		B26335001F3C48A1005C5312 /* JokeTableViewController.h */ = {isa = PBXFileReference; fileEncoding = 4; lastKnownFileType = sourcecode.c.h; path = JokeTableViewController.h; sourceTree = "<group>"; };
		B26335011F3C48A1005C5312 /* JokeTableViewController.m */ = {isa = PBXFileReference; fileEncoding = 4; lastKnownFileType = sourcecode.c.objc; path = JokeTableViewController.m; sourceTree = "<group>"; };
		B26335041F3C4903005C5312 /* SQApi.h */ = {isa = PBXFileReference; lastKnownFileType = sourcecode.c.h; path = SQApi.h; sourceTree = "<group>"; };
		B26335051F3C4B81005C5312 /* SQServiceUtil.h */ = {isa = PBXFileReference; fileEncoding = 4; lastKnownFileType = sourcecode.c.h; path = SQServiceUtil.h; sourceTree = "<group>"; };
		B26335061F3C4B81005C5312 /* SQServiceUtil.m */ = {isa = PBXFileReference; fileEncoding = 4; lastKnownFileType = sourcecode.c.objc; path = SQServiceUtil.m; sourceTree = "<group>"; };
		B26335081F3C5900005C5312 /* SQLoadingView.h */ = {isa = PBXFileReference; fileEncoding = 4; lastKnownFileType = sourcecode.c.h; path = SQLoadingView.h; sourceTree = "<group>"; };
		B26335091F3C5900005C5312 /* SQLoadingView.m */ = {isa = PBXFileReference; fileEncoding = 4; lastKnownFileType = sourcecode.c.objc; path = SQLoadingView.m; sourceTree = "<group>"; };
		B263350B1F3C59AA005C5312 /* ShiQi.h */ = {isa = PBXFileReference; lastKnownFileType = sourcecode.c.h; path = ShiQi.h; sourceTree = "<group>"; };
		B26B3EBA1F0E17D8007A571D /* Miko'sDemo.app */ = {isa = PBXFileReference; explicitFileType = wrapper.application; includeInIndex = 0; path = "Miko'sDemo.app"; sourceTree = BUILT_PRODUCTS_DIR; };
		B26B3EBE1F0E17D8007A571D /* main.m */ = {isa = PBXFileReference; lastKnownFileType = sourcecode.c.objc; path = main.m; sourceTree = "<group>"; };
		B26B3EC01F0E17D8007A571D /* AppDelegate.h */ = {isa = PBXFileReference; lastKnownFileType = sourcecode.c.h; path = AppDelegate.h; sourceTree = "<group>"; };
		B26B3EC11F0E17D8007A571D /* AppDelegate.m */ = {isa = PBXFileReference; lastKnownFileType = sourcecode.c.objc; path = AppDelegate.m; sourceTree = "<group>"; };
		B26B3EC31F0E17D8007A571D /* FirstViewController.h */ = {isa = PBXFileReference; lastKnownFileType = sourcecode.c.h; path = FirstViewController.h; sourceTree = "<group>"; };
		B26B3EC41F0E17D8007A571D /* FirstViewController.m */ = {isa = PBXFileReference; lastKnownFileType = sourcecode.c.objc; path = FirstViewController.m; sourceTree = "<group>"; };
		B26B3EC61F0E17D8007A571D /* SecondViewController.h */ = {isa = PBXFileReference; lastKnownFileType = sourcecode.c.h; path = SecondViewController.h; sourceTree = "<group>"; };
		B26B3EC71F0E17D8007A571D /* SecondViewController.m */ = {isa = PBXFileReference; lastKnownFileType = sourcecode.c.objc; path = SecondViewController.m; sourceTree = "<group>"; };
		B26B3ECA1F0E17D8007A571D /* Base */ = {isa = PBXFileReference; lastKnownFileType = file.storyboard; name = Base; path = Base.lproj/Main.storyboard; sourceTree = "<group>"; };
		B26B3ECC1F0E17D8007A571D /* Assets.xcassets */ = {isa = PBXFileReference; lastKnownFileType = folder.assetcatalog; path = Assets.xcassets; sourceTree = "<group>"; };
		B26B3ECF1F0E17D8007A571D /* Base */ = {isa = PBXFileReference; lastKnownFileType = file.storyboard; name = Base; path = Base.lproj/LaunchScreen.storyboard; sourceTree = "<group>"; };
		B26B3ED11F0E17D8007A571D /* Info.plist */ = {isa = PBXFileReference; lastKnownFileType = text.plist.xml; path = Info.plist; sourceTree = "<group>"; };
		B26B3ED61F0E17D8007A571D /* Miko'sDemoTests.xctest */ = {isa = PBXFileReference; explicitFileType = wrapper.cfbundle; includeInIndex = 0; path = "Miko'sDemoTests.xctest"; sourceTree = BUILT_PRODUCTS_DIR; };
		B26B3EDA1F0E17D8007A571D /* Miko_sDemoTests.m */ = {isa = PBXFileReference; lastKnownFileType = sourcecode.c.objc; path = Miko_sDemoTests.m; sourceTree = "<group>"; };
		B26B3EDC1F0E17D8007A571D /* Info.plist */ = {isa = PBXFileReference; lastKnownFileType = text.plist.xml; path = Info.plist; sourceTree = "<group>"; };
		B26B3EE11F0E17D8007A571D /* Miko'sDemoUITests.xctest */ = {isa = PBXFileReference; explicitFileType = wrapper.cfbundle; includeInIndex = 0; path = "Miko'sDemoUITests.xctest"; sourceTree = BUILT_PRODUCTS_DIR; };
		B26B3EE51F0E17D8007A571D /* Miko_sDemoUITests.m */ = {isa = PBXFileReference; lastKnownFileType = sourcecode.c.objc; path = Miko_sDemoUITests.m; sourceTree = "<group>"; };
		B26B3EE71F0E17D8007A571D /* Info.plist */ = {isa = PBXFileReference; lastKnownFileType = text.plist.xml; path = Info.plist; sourceTree = "<group>"; };
		B26B3EF71F0E1B11007A571D /* PrefixHeader.pch */ = {isa = PBXFileReference; lastKnownFileType = sourcecode.c.h; path = PrefixHeader.pch; sourceTree = "<group>"; };
		B26B3EFA1F0E1DB1007A571D /* LYWCollectionViewCell.h */ = {isa = PBXFileReference; fileEncoding = 4; lastKnownFileType = sourcecode.c.h; path = LYWCollectionViewCell.h; sourceTree = "<group>"; };
		B26B3EFB1F0E1DB1007A571D /* LYWCollectionViewCell.m */ = {isa = PBXFileReference; fileEncoding = 4; lastKnownFileType = sourcecode.c.objc; path = LYWCollectionViewCell.m; sourceTree = "<group>"; };
		B26B3EFD1F0E1E35007A571D /* LYWCollectionReusableView.h */ = {isa = PBXFileReference; fileEncoding = 4; lastKnownFileType = sourcecode.c.h; path = LYWCollectionReusableView.h; sourceTree = "<group>"; };
		B26B3EFE1F0E1E35007A571D /* LYWCollectionReusableView.m */ = {isa = PBXFileReference; fileEncoding = 4; lastKnownFileType = sourcecode.c.objc; path = LYWCollectionReusableView.m; sourceTree = "<group>"; };
		B26B3F001F0E2039007A571D /* NSDate+EX.h */ = {isa = PBXFileReference; fileEncoding = 4; lastKnownFileType = sourcecode.c.h; path = "NSDate+EX.h"; sourceTree = "<group>"; };
		B26B3F011F0E2039007A571D /* NSDate+EX.m */ = {isa = PBXFileReference; fileEncoding = 4; lastKnownFileType = sourcecode.c.objc; path = "NSDate+EX.m"; sourceTree = "<group>"; };
		B26C5E961F3EE69500D68084 /* SQAdvertisingScrollView.h */ = {isa = PBXFileReference; fileEncoding = 4; lastKnownFileType = sourcecode.c.h; path = SQAdvertisingScrollView.h; sourceTree = "<group>"; };
		B26C5E971F3EE69500D68084 /* SQAdvertisingScrollView.m */ = {isa = PBXFileReference; fileEncoding = 4; lastKnownFileType = sourcecode.c.objc; path = SQAdvertisingScrollView.m; sourceTree = "<group>"; };
		B26C5E9A1F3EF00300D68084 /* AdvertisingModel.h */ = {isa = PBXFileReference; fileEncoding = 4; lastKnownFileType = sourcecode.c.h; path = AdvertisingModel.h; sourceTree = "<group>"; };
		B26C5E9B1F3EF00300D68084 /* AdvertisingModel.m */ = {isa = PBXFileReference; fileEncoding = 4; lastKnownFileType = sourcecode.c.objc; path = AdvertisingModel.m; sourceTree = "<group>"; };
		B26C5E9D1F3EF14200D68084 /* NSString+EX.h */ = {isa = PBXFileReference; fileEncoding = 4; lastKnownFileType = sourcecode.c.h; path = "NSString+EX.h"; sourceTree = "<group>"; };
		B26C5E9E1F3EF14200D68084 /* NSString+EX.m */ = {isa = PBXFileReference; fileEncoding = 4; lastKnownFileType = sourcecode.c.objc; path = "NSString+EX.m"; sourceTree = "<group>"; };
		B272E7851F134BC600DC96E6 /* SQTools.h */ = {isa = PBXFileReference; fileEncoding = 4; lastKnownFileType = sourcecode.c.h; path = SQTools.h; sourceTree = "<group>"; };
		B272E7861F134BC600DC96E6 /* SQTools.m */ = {isa = PBXFileReference; fileEncoding = 4; lastKnownFileType = sourcecode.c.objc; path = SQTools.m; sourceTree = "<group>"; };
		D63A9B5D40457A6A5E714F88 /* libPods-Miko'sDemo.a */ = {isa = PBXFileReference; explicitFileType = archive.ar; includeInIndex = 0; path = "libPods-Miko'sDemo.a"; sourceTree = BUILT_PRODUCTS_DIR; };
/* End PBXFileReference section */

/* Begin PBXFrameworksBuildPhase section */
		B26B3EB71F0E17D8007A571D /* Frameworks */ = {
			isa = PBXFrameworksBuildPhase;
			buildActionMask = 2147483647;
			files = (
				53191C1DF6113279633CF0BB /* libPods-Miko'sDemo.a in Frameworks */,
			);
			runOnlyForDeploymentPostprocessing = 0;
		};
		B26B3ED31F0E17D8007A571D /* Frameworks */ = {
			isa = PBXFrameworksBuildPhase;
			buildActionMask = 2147483647;
			files = (
			);
			runOnlyForDeploymentPostprocessing = 0;
		};
		B26B3EDE1F0E17D8007A571D /* Frameworks */ = {
			isa = PBXFrameworksBuildPhase;
			buildActionMask = 2147483647;
			files = (
			);
			runOnlyForDeploymentPostprocessing = 0;
		};
/* End PBXFrameworksBuildPhase section */

/* Begin PBXGroup section */
		26929E334035ECE36F95096D /* Pods */ = {
			isa = PBXGroup;
			children = (
				B0E113C820D1DA822DCFA51C /* Pods-Miko'sDemo.debug.xcconfig */,
				0605D68D5A588844C534EBCA /* Pods-Miko'sDemo.release.xcconfig */,
			);
			name = Pods;
			sourceTree = "<group>";
		};
		7EE3A55EEB42882CB9B940B4 /* Frameworks */ = {
			isa = PBXGroup;
			children = (
				D63A9B5D40457A6A5E714F88 /* libPods-Miko'sDemo.a */,
			);
			name = Frameworks;
			sourceTree = "<group>";
		};
		B26334FC1F3C47F1005C5312 /* joke */ = {
			isa = PBXGroup;
			children = (
				B26334FF1F3C4870005C5312 /* model */,
				B26334FE1F3C4869005C5312 /* view */,
				B26334FD1F3C485F005C5312 /* controller */,
			);
			name = joke;
			sourceTree = "<group>";
		};
		B26334FD1F3C485F005C5312 /* controller */ = {
			isa = PBXGroup;
			children = (
				B26335001F3C48A1005C5312 /* JokeTableViewController.h */,
				B26335011F3C48A1005C5312 /* JokeTableViewController.m */,
			);
			name = controller;
			sourceTree = "<group>";
		};
		B26334FE1F3C4869005C5312 /* view */ = {
			isa = PBXGroup;
			children = (
				B220AC671F3C7D4500B9D92B /* JokeTableViewCell.h */,
				B220AC681F3C7D4500B9D92B /* JokeTableViewCell.m */,
			);
			name = view;
			sourceTree = "<group>";
		};
		B26334FF1F3C4870005C5312 /* model */ = {
			isa = PBXGroup;
			children = (
				B220AC641F3C79C600B9D92B /* JokeModel.h */,
				B220AC651F3C79C600B9D92B /* JokeModel.m */,
			);
			name = model;
			sourceTree = "<group>";
		};
		B26335031F3C48C6005C5312 /* networking */ = {
			isa = PBXGroup;
			children = (
				B26335041F3C4903005C5312 /* SQApi.h */,
				B26335051F3C4B81005C5312 /* SQServiceUtil.h */,
				B26335061F3C4B81005C5312 /* SQServiceUtil.m */,
			);
			name = networking;
			sourceTree = "<group>";
		};
		B26B3EB11F0E17D8007A571D = {
			isa = PBXGroup;
			children = (
				B26B3EBC1F0E17D8007A571D /* Miko'sDemo */,
				B26B3ED91F0E17D8007A571D /* Miko'sDemoTests */,
				B26B3EE41F0E17D8007A571D /* Miko'sDemoUITests */,
				B26B3EBB1F0E17D8007A571D /* Products */,
				26929E334035ECE36F95096D /* Pods */,
				7EE3A55EEB42882CB9B940B4 /* Frameworks */,
			);
			sourceTree = "<group>";
		};
		B26B3EBB1F0E17D8007A571D /* Products */ = {
			isa = PBXGroup;
			children = (
				B26B3EBA1F0E17D8007A571D /* Miko'sDemo.app */,
				B26B3ED61F0E17D8007A571D /* Miko'sDemoTests.xctest */,
				B26B3EE11F0E17D8007A571D /* Miko'sDemoUITests.xctest */,
			);
			name = Products;
			sourceTree = "<group>";
		};
		B26B3EBC1F0E17D8007A571D /* Miko'sDemo */ = {
			isa = PBXGroup;
			children = (
				B26B3EF31F0E1A8E007A571D /* category */,
				B26335031F3C48C6005C5312 /* networking */,
				B26334FC1F3C47F1005C5312 /* joke */,
				B272E7841F1349BE00DC96E6 /* other */,
				B26C5E991F3EEFCE00D68084 /* models */,
				B26B3EF81F0E1D7F007A571D /* views */,
				B26B3EC01F0E17D8007A571D /* AppDelegate.h */,
				B26B3EC11F0E17D8007A571D /* AppDelegate.m */,
				B26334F91F3C3E8E005C5312 /* MainViewController.h */,
				B26334FA1F3C3E8E005C5312 /* MainViewController.m */,
				B26B3EC31F0E17D8007A571D /* FirstViewController.h */,
				B26B3EC41F0E17D8007A571D /* FirstViewController.m */,
				B26B3EC61F0E17D8007A571D /* SecondViewController.h */,
				B26B3EC71F0E17D8007A571D /* SecondViewController.m */,
				B26B3EC91F0E17D8007A571D /* Main.storyboard */,
				B26B3ECC1F0E17D8007A571D /* Assets.xcassets */,
				B26B3ECE1F0E17D8007A571D /* LaunchScreen.storyboard */,
				B26B3ED11F0E17D8007A571D /* Info.plist */,
				B26B3EF71F0E1B11007A571D /* PrefixHeader.pch */,
				B26B3EBD1F0E17D8007A571D /* Supporting Files */,
			);
			path = "Miko'sDemo";
			sourceTree = "<group>";
		};
		B26B3EBD1F0E17D8007A571D /* Supporting Files */ = {
			isa = PBXGroup;
			children = (
				B26B3EBE1F0E17D8007A571D /* main.m */,
			);
			name = "Supporting Files";
			sourceTree = "<group>";
		};
		B26B3ED91F0E17D8007A571D /* Miko'sDemoTests */ = {
			isa = PBXGroup;
			children = (
				B26B3EDA1F0E17D8007A571D /* Miko_sDemoTests.m */,
				B26B3EDC1F0E17D8007A571D /* Info.plist */,
			);
			path = "Miko'sDemoTests";
			sourceTree = "<group>";
		};
		B26B3EE41F0E17D8007A571D /* Miko'sDemoUITests */ = {
			isa = PBXGroup;
			children = (
				B26B3EE51F0E17D8007A571D /* Miko_sDemoUITests.m */,
				B26B3EE71F0E17D8007A571D /* Info.plist */,
			);
			path = "Miko'sDemoUITests";
			sourceTree = "<group>";
		};
		B26B3EF31F0E1A8E007A571D /* category */ = {
			isa = PBXGroup;
			children = (
				B26B3F001F0E2039007A571D /* NSDate+EX.h */,
				B26B3F011F0E2039007A571D /* NSDate+EX.m */,
				B2223F331F3D894B00609314 /* UINavigationController+EX.h */,
				B2223F341F3D894B00609314 /* UINavigationController+EX.m */,
				B26C5E9D1F3EF14200D68084 /* NSString+EX.h */,
				B26C5E9E1F3EF14200D68084 /* NSString+EX.m */,
			);
			name = category;
			sourceTree = "<group>";
		};
		B26B3EF81F0E1D7F007A571D /* views */ = {
			isa = PBXGroup;
			children = (
				B26B3EFA1F0E1DB1007A571D /* LYWCollectionViewCell.h */,
				B26B3EFB1F0E1DB1007A571D /* LYWCollectionViewCell.m */,
				B26B3EFD1F0E1E35007A571D /* LYWCollectionReusableView.h */,
				B26B3EFE1F0E1E35007A571D /* LYWCollectionReusableView.m */,
			);
			name = views;
			sourceTree = "<group>";
		};
		B26C5E991F3EEFCE00D68084 /* models */ = {
			isa = PBXGroup;
			children = (
				B26C5E9A1F3EF00300D68084 /* AdvertisingModel.h */,
				B26C5E9B1F3EF00300D68084 /* AdvertisingModel.m */,
			);
			name = models;
			sourceTree = "<group>";
		};
		B272E7841F1349BE00DC96E6 /* other */ = {
			isa = PBXGroup;
			children = (
				B263350B1F3C59AA005C5312 /* ShiQi.h */,
				B272E7851F134BC600DC96E6 /* SQTools.h */,
				B272E7861F134BC600DC96E6 /* SQTools.m */,
				B26335081F3C5900005C5312 /* SQLoadingView.h */,
				B26335091F3C5900005C5312 /* SQLoadingView.m */,
				B26C5E961F3EE69500D68084 /* SQAdvertisingScrollView.h */,
				B26C5E971F3EE69500D68084 /* SQAdvertisingScrollView.m */,
			);
			name = other;
			sourceTree = "<group>";
		};
/* End PBXGroup section */

/* Begin PBXNativeTarget section */
		B26B3EB91F0E17D8007A571D /* Miko'sDemo */ = {
			isa = PBXNativeTarget;
			buildConfigurationList = B26B3EEA1F0E17D8007A571D /* Build configuration list for PBXNativeTarget "Miko'sDemo" */;
			buildPhases = (
				47D72E90609A630874F26F34 /* [CP] Check Pods Manifest.lock */,
				B26B3EB61F0E17D8007A571D /* Sources */,
				B26B3EB71F0E17D8007A571D /* Frameworks */,
				B26B3EB81F0E17D8007A571D /* Resources */,
				6E31B56DF35B4F46B96F9F09 /* [CP] Embed Pods Frameworks */,
				4C043CB514C105F1D86BE4A0 /* [CP] Copy Pods Resources */,
			);
			buildRules = (
			);
			dependencies = (
			);
			name = "Miko'sDemo";
			productName = "Miko'sDemo";
			productReference = B26B3EBA1F0E17D8007A571D /* Miko'sDemo.app */;
			productType = "com.apple.product-type.application";
		};
		B26B3ED51F0E17D8007A571D /* Miko'sDemoTests */ = {
			isa = PBXNativeTarget;
			buildConfigurationList = B26B3EED1F0E17D8007A571D /* Build configuration list for PBXNativeTarget "Miko'sDemoTests" */;
			buildPhases = (
				B26B3ED21F0E17D8007A571D /* Sources */,
				B26B3ED31F0E17D8007A571D /* Frameworks */,
				B26B3ED41F0E17D8007A571D /* Resources */,
			);
			buildRules = (
			);
			dependencies = (
				B26B3ED81F0E17D8007A571D /* PBXTargetDependency */,
			);
			name = "Miko'sDemoTests";
			productName = "Miko'sDemoTests";
			productReference = B26B3ED61F0E17D8007A571D /* Miko'sDemoTests.xctest */;
			productType = "com.apple.product-type.bundle.unit-test";
		};
		B26B3EE01F0E17D8007A571D /* Miko'sDemoUITests */ = {
			isa = PBXNativeTarget;
			buildConfigurationList = B26B3EF01F0E17D8007A571D /* Build configuration list for PBXNativeTarget "Miko'sDemoUITests" */;
			buildPhases = (
				B26B3EDD1F0E17D8007A571D /* Sources */,
				B26B3EDE1F0E17D8007A571D /* Frameworks */,
				B26B3EDF1F0E17D8007A571D /* Resources */,
			);
			buildRules = (
			);
			dependencies = (
				B26B3EE31F0E17D8007A571D /* PBXTargetDependency */,
			);
			name = "Miko'sDemoUITests";
			productName = "Miko'sDemoUITests";
			productReference = B26B3EE11F0E17D8007A571D /* Miko'sDemoUITests.xctest */;
			productType = "com.apple.product-type.bundle.ui-testing";
		};
/* End PBXNativeTarget section */

/* Begin PBXProject section */
		B26B3EB21F0E17D8007A571D /* Project object */ = {
			isa = PBXProject;
			attributes = {
				LastUpgradeCheck = 0830;
				ORGANIZATIONNAME = shiqi;
				TargetAttributes = {
					B26B3EB91F0E17D8007A571D = {
						CreatedOnToolsVersion = 8.3.3;
						DevelopmentTeam = 55R49X8T6E;
						ProvisioningStyle = Automatic;
					};
					B26B3ED51F0E17D8007A571D = {
						CreatedOnToolsVersion = 8.3.3;
						DevelopmentTeam = 55R49X8T6E;
						ProvisioningStyle = Automatic;
						TestTargetID = B26B3EB91F0E17D8007A571D;
					};
					B26B3EE01F0E17D8007A571D = {
						CreatedOnToolsVersion = 8.3.3;
						DevelopmentTeam = 55R49X8T6E;
						ProvisioningStyle = Automatic;
						TestTargetID = B26B3EB91F0E17D8007A571D;
					};
				};
			};
			buildConfigurationList = B26B3EB51F0E17D8007A571D /* Build configuration list for PBXProject "Miko'sDemo" */;
			compatibilityVersion = "Xcode 3.2";
			developmentRegion = English;
			hasScannedForEncodings = 0;
			knownRegions = (
				en,
				Base,
			);
			mainGroup = B26B3EB11F0E17D8007A571D;
			productRefGroup = B26B3EBB1F0E17D8007A571D /* Products */;
			projectDirPath = "";
			projectRoot = "";
			targets = (
				B26B3EB91F0E17D8007A571D /* Miko'sDemo */,
				B26B3ED51F0E17D8007A571D /* Miko'sDemoTests */,
				B26B3EE01F0E17D8007A571D /* Miko'sDemoUITests */,
			);
		};
/* End PBXProject section */

/* Begin PBXResourcesBuildPhase section */
		B26B3EB81F0E17D8007A571D /* Resources */ = {
			isa = PBXResourcesBuildPhase;
			buildActionMask = 2147483647;
			files = (
				B26B3ED01F0E17D8007A571D /* LaunchScreen.storyboard in Resources */,
				B26B3ECD1F0E17D8007A571D /* Assets.xcassets in Resources */,
				B26B3ECB1F0E17D8007A571D /* Main.storyboard in Resources */,
			);
			runOnlyForDeploymentPostprocessing = 0;
		};
		B26B3ED41F0E17D8007A571D /* Resources */ = {
			isa = PBXResourcesBuildPhase;
			buildActionMask = 2147483647;
			files = (
			);
			runOnlyForDeploymentPostprocessing = 0;
		};
		B26B3EDF1F0E17D8007A571D /* Resources */ = {
			isa = PBXResourcesBuildPhase;
			buildActionMask = 2147483647;
			files = (
			);
			runOnlyForDeploymentPostprocessing = 0;
		};
/* End PBXResourcesBuildPhase section */

/* Begin PBXShellScriptBuildPhase section */
		47D72E90609A630874F26F34 /* [CP] Check Pods Manifest.lock */ = {
			isa = PBXShellScriptBuildPhase;
			buildActionMask = 2147483647;
			files = (
			);
			inputPaths = (
			);
			name = "[CP] Check Pods Manifest.lock";
			outputPaths = (
			);
			runOnlyForDeploymentPostprocessing = 0;
			shellPath = /bin/sh;
			shellScript = "diff \"${PODS_PODFILE_DIR_PATH}/Podfile.lock\" \"${PODS_ROOT}/Manifest.lock\" > /dev/null\nif [ $? != 0 ] ; then\n    # print error to STDERR\n    echo \"error: The sandbox is not in sync with the Podfile.lock. Run 'pod install' or update your CocoaPods installation.\" >&2\n    exit 1\nfi\n";
			showEnvVarsInLog = 0;
		};
		4C043CB514C105F1D86BE4A0 /* [CP] Copy Pods Resources */ = {
			isa = PBXShellScriptBuildPhase;
			buildActionMask = 2147483647;
			files = (
			);
			inputPaths = (
			);
			name = "[CP] Copy Pods Resources";
			outputPaths = (
			);
			runOnlyForDeploymentPostprocessing = 0;
			shellPath = /bin/sh;
			shellScript = "\"${SRCROOT}/Pods/Target Support Files/Pods-Miko'sDemo/Pods-Miko'sDemo-resources.sh\"\n";
			showEnvVarsInLog = 0;
		};
		6E31B56DF35B4F46B96F9F09 /* [CP] Embed Pods Frameworks */ = {
			isa = PBXShellScriptBuildPhase;
			buildActionMask = 2147483647;
			files = (
			);
			inputPaths = (
			);
			name = "[CP] Embed Pods Frameworks";
			outputPaths = (
			);
			runOnlyForDeploymentPostprocessing = 0;
			shellPath = /bin/sh;
			shellScript = "\"${SRCROOT}/Pods/Target Support Files/Pods-Miko'sDemo/Pods-Miko'sDemo-frameworks.sh\"\n";
			showEnvVarsInLog = 0;
		};
/* End PBXShellScriptBuildPhase section */

/* Begin PBXSourcesBuildPhase section */
		B26B3EB61F0E17D8007A571D /* Sources */ = {
			isa = PBXSourcesBuildPhase;
			buildActionMask = 2147483647;
			files = (
				B26B3EFC1F0E1DB1007A571D /* LYWCollectionViewCell.m in Sources */,
				B272E7871F134BC600DC96E6 /* SQTools.m in Sources */,
				B26C5E981F3EE69500D68084 /* SQAdvertisingScrollView.m in Sources */,
				B2223F351F3D894B00609314 /* UINavigationController+EX.m in Sources */,
				B26335021F3C48A1005C5312 /* JokeTableViewController.m in Sources */,
				B26B3EC81F0E17D8007A571D /* SecondViewController.m in Sources */,
				B26B3EFF1F0E1E35007A571D /* LYWCollectionReusableView.m in Sources */,
				B26C5E9C1F3EF00300D68084 /* AdvertisingModel.m in Sources */,
				B220AC661F3C79C600B9D92B /* JokeModel.m in Sources */,
				B26334FB1F3C3E8E005C5312 /* MainViewController.m in Sources */,
				B26B3EC21F0E17D8007A571D /* AppDelegate.m in Sources */,
				B263350A1F3C5900005C5312 /* SQLoadingView.m in Sources */,
				B26B3F021F0E2039007A571D /* NSDate+EX.m in Sources */,
				B26B3EC51F0E17D8007A571D /* FirstViewController.m in Sources */,
				B26B3EBF1F0E17D8007A571D /* main.m in Sources */,
				B220AC691F3C7D4500B9D92B /* JokeTableViewCell.m in Sources */,
				B26C5E9F1F3EF14200D68084 /* NSString+EX.m in Sources */,
				B26335071F3C4B81005C5312 /* SQServiceUtil.m in Sources */,
			);
			runOnlyForDeploymentPostprocessing = 0;
		};
		B26B3ED21F0E17D8007A571D /* Sources */ = {
			isa = PBXSourcesBuildPhase;
			buildActionMask = 2147483647;
			files = (
				B26B3EDB1F0E17D8007A571D /* Miko_sDemoTests.m in Sources */,
			);
			runOnlyForDeploymentPostprocessing = 0;
		};
		B26B3EDD1F0E17D8007A571D /* Sources */ = {
			isa = PBXSourcesBuildPhase;
			buildActionMask = 2147483647;
			files = (
				B26B3EE61F0E17D8007A571D /* Miko_sDemoUITests.m in Sources */,
			);
			runOnlyForDeploymentPostprocessing = 0;
		};
/* End PBXSourcesBuildPhase section */

/* Begin PBXTargetDependency section */
		B26B3ED81F0E17D8007A571D /* PBXTargetDependency */ = {
			isa = PBXTargetDependency;
			target = B26B3EB91F0E17D8007A571D /* Miko'sDemo */;
			targetProxy = B26B3ED71F0E17D8007A571D /* PBXContainerItemProxy */;
		};
		B26B3EE31F0E17D8007A571D /* PBXTargetDependency */ = {
			isa = PBXTargetDependency;
			target = B26B3EB91F0E17D8007A571D /* Miko'sDemo */;
			targetProxy = B26B3EE21F0E17D8007A571D /* PBXContainerItemProxy */;
		};
/* End PBXTargetDependency section */

/* Begin PBXVariantGroup section */
		B26B3EC91F0E17D8007A571D /* Main.storyboard */ = {
			isa = PBXVariantGroup;
			children = (
				B26B3ECA1F0E17D8007A571D /* Base */,
			);
			name = Main.storyboard;
			sourceTree = "<group>";
		};
		B26B3ECE1F0E17D8007A571D /* LaunchScreen.storyboard */ = {
			isa = PBXVariantGroup;
			children = (
				B26B3ECF1F0E17D8007A571D /* Base */,
			);
			name = LaunchScreen.storyboard;
			sourceTree = "<group>";
		};
/* End PBXVariantGroup section */

/* Begin XCBuildConfiguration section */
		B26B3EE81F0E17D8007A571D /* Debug */ = {
			isa = XCBuildConfiguration;
			buildSettings = {
				ALWAYS_SEARCH_USER_PATHS = NO;
				CLANG_ANALYZER_NONNULL = YES;
				CLANG_ANALYZER_NUMBER_OBJECT_CONVERSION = YES_AGGRESSIVE;
				CLANG_CXX_LANGUAGE_STANDARD = "gnu++0x";
				CLANG_CXX_LIBRARY = "libc++";
				CLANG_ENABLE_MODULES = YES;
				CLANG_ENABLE_OBJC_ARC = YES;
				CLANG_WARN_BOOL_CONVERSION = YES;
				CLANG_WARN_CONSTANT_CONVERSION = YES;
				CLANG_WARN_DIRECT_OBJC_ISA_USAGE = YES_ERROR;
				CLANG_WARN_DOCUMENTATION_COMMENTS = YES;
				CLANG_WARN_EMPTY_BODY = YES;
				CLANG_WARN_ENUM_CONVERSION = YES;
				CLANG_WARN_INFINITE_RECURSION = YES;
				CLANG_WARN_INT_CONVERSION = YES;
				CLANG_WARN_OBJC_ROOT_CLASS = YES_ERROR;
				CLANG_WARN_SUSPICIOUS_MOVE = YES;
				CLANG_WARN_UNREACHABLE_CODE = YES;
				CLANG_WARN__DUPLICATE_METHOD_MATCH = YES;
				"CODE_SIGN_IDENTITY[sdk=iphoneos*]" = "iPhone Developer";
				COPY_PHASE_STRIP = NO;
				DEBUG_INFORMATION_FORMAT = dwarf;
				ENABLE_STRICT_OBJC_MSGSEND = YES;
				ENABLE_TESTABILITY = YES;
				GCC_C_LANGUAGE_STANDARD = gnu99;
				GCC_DYNAMIC_NO_PIC = NO;
				GCC_NO_COMMON_BLOCKS = YES;
				GCC_OPTIMIZATION_LEVEL = 0;
				GCC_PREPROCESSOR_DEFINITIONS = (
					"DEBUG=1",
					"$(inherited)",
				);
				GCC_WARN_64_TO_32_BIT_CONVERSION = YES;
				GCC_WARN_ABOUT_RETURN_TYPE = YES_ERROR;
				GCC_WARN_UNDECLARED_SELECTOR = YES;
				GCC_WARN_UNINITIALIZED_AUTOS = YES_AGGRESSIVE;
				GCC_WARN_UNUSED_FUNCTION = YES;
				GCC_WARN_UNUSED_VARIABLE = YES;
				IPHONEOS_DEPLOYMENT_TARGET = 10.3;
				MTL_ENABLE_DEBUG_INFO = YES;
				ONLY_ACTIVE_ARCH = YES;
				SDKROOT = iphoneos;
				TARGETED_DEVICE_FAMILY = "1,2";
			};
			name = Debug;
		};
		B26B3EE91F0E17D8007A571D /* Release */ = {
			isa = XCBuildConfiguration;
			buildSettings = {
				ALWAYS_SEARCH_USER_PATHS = NO;
				CLANG_ANALYZER_NONNULL = YES;
				CLANG_ANALYZER_NUMBER_OBJECT_CONVERSION = YES_AGGRESSIVE;
				CLANG_CXX_LANGUAGE_STANDARD = "gnu++0x";
				CLANG_CXX_LIBRARY = "libc++";
				CLANG_ENABLE_MODULES = YES;
				CLANG_ENABLE_OBJC_ARC = YES;
				CLANG_WARN_BOOL_CONVERSION = YES;
				CLANG_WARN_CONSTANT_CONVERSION = YES;
				CLANG_WARN_DIRECT_OBJC_ISA_USAGE = YES_ERROR;
				CLANG_WARN_DOCUMENTATION_COMMENTS = YES;
				CLANG_WARN_EMPTY_BODY = YES;
				CLANG_WARN_ENUM_CONVERSION = YES;
				CLANG_WARN_INFINITE_RECURSION = YES;
				CLANG_WARN_INT_CONVERSION = YES;
				CLANG_WARN_OBJC_ROOT_CLASS = YES_ERROR;
				CLANG_WARN_SUSPICIOUS_MOVE = YES;
				CLANG_WARN_UNREACHABLE_CODE = YES;
				CLANG_WARN__DUPLICATE_METHOD_MATCH = YES;
				"CODE_SIGN_IDENTITY[sdk=iphoneos*]" = "iPhone Developer";
				COPY_PHASE_STRIP = NO;
				DEBUG_INFORMATION_FORMAT = "dwarf-with-dsym";
				ENABLE_NS_ASSERTIONS = NO;
				ENABLE_STRICT_OBJC_MSGSEND = YES;
				GCC_C_LANGUAGE_STANDARD = gnu99;
				GCC_NO_COMMON_BLOCKS = YES;
				GCC_WARN_64_TO_32_BIT_CONVERSION = YES;
				GCC_WARN_ABOUT_RETURN_TYPE = YES_ERROR;
				GCC_WARN_UNDECLARED_SELECTOR = YES;
				GCC_WARN_UNINITIALIZED_AUTOS = YES_AGGRESSIVE;
				GCC_WARN_UNUSED_FUNCTION = YES;
				GCC_WARN_UNUSED_VARIABLE = YES;
				IPHONEOS_DEPLOYMENT_TARGET = 10.3;
				MTL_ENABLE_DEBUG_INFO = NO;
				ONLY_ACTIVE_ARCH = NO;
				SDKROOT = iphoneos;
				TARGETED_DEVICE_FAMILY = "1,2";
				VALIDATE_PRODUCT = YES;
			};
			name = Release;
		};
		B26B3EEB1F0E17D8007A571D /* Debug */ = {
			isa = XCBuildConfiguration;
			baseConfigurationReference = B0E113C820D1DA822DCFA51C /* Pods-Miko'sDemo.debug.xcconfig */;
			buildSettings = {
				ASSETCATALOG_COMPILER_APPICON_NAME = AppIcon;
				"CODE_SIGN_IDENTITY[sdk=iphoneos*]" = "iPhone Developer";
				DEVELOPMENT_TEAM = 55R49X8T6E;
				GCC_PREFIX_HEADER = "Miko'sDemo/PrefixHeader.pch";
				INFOPLIST_FILE = "Miko'sDemo/Info.plist";
				LD_RUNPATH_SEARCH_PATHS = "$(inherited) @executable_path/Frameworks";
				PRODUCT_BUNDLE_IDENTIFIER = "sqwork.Miko-sDemo";
				PRODUCT_NAME = "$(TARGET_NAME)";
				PROVISIONING_PROFILE_SPECIFIER = "";
			};
			name = Debug;
		};
		B26B3EEC1F0E17D8007A571D /* Release */ = {
			isa = XCBuildConfiguration;
			baseConfigurationReference = 0605D68D5A588844C534EBCA /* Pods-Miko'sDemo.release.xcconfig */;
			buildSettings = {
				ASSETCATALOG_COMPILER_APPICON_NAME = AppIcon;
				"CODE_SIGN_IDENTITY[sdk=iphoneos*]" = "iPhone Developer";
				DEVELOPMENT_TEAM = 55R49X8T6E;
				GCC_PREFIX_HEADER = "Miko'sDemo/PrefixHeader.pch";
				INFOPLIST_FILE = "Miko'sDemo/Info.plist";
				LD_RUNPATH_SEARCH_PATHS = "$(inherited) @executable_path/Frameworks";
				PRODUCT_BUNDLE_IDENTIFIER = "sqwork.Miko-sDemo";
				PRODUCT_NAME = "$(TARGET_NAME)";
				PROVISIONING_PROFILE_SPECIFIER = "";
			};
			name = Release;
		};
		B26B3EEE1F0E17D8007A571D /* Debug */ = {
			isa = XCBuildConfiguration;
			buildSettings = {
				BUNDLE_LOADER = "$(TEST_HOST)";
				DEVELOPMENT_TEAM = 55R49X8T6E;
				INFOPLIST_FILE = "Miko'sDemoTests/Info.plist";
				LD_RUNPATH_SEARCH_PATHS = "$(inherited) @executable_path/Frameworks @loader_path/Frameworks";
				PRODUCT_BUNDLE_IDENTIFIER = "sqwork.Miko-sDemoTests";
				PRODUCT_NAME = "$(TARGET_NAME)";
				TEST_HOST = "$(BUILT_PRODUCTS_DIR)/Miko'sDemo.app/Miko'sDemo";
			};
			name = Debug;
		};
		B26B3EEF1F0E17D8007A571D /* Release */ = {
			isa = XCBuildConfiguration;
			buildSettings = {
				BUNDLE_LOADER = "$(TEST_HOST)";
				DEVELOPMENT_TEAM = 55R49X8T6E;
				INFOPLIST_FILE = "Miko'sDemoTests/Info.plist";
				LD_RUNPATH_SEARCH_PATHS = "$(inherited) @executable_path/Frameworks @loader_path/Frameworks";
				PRODUCT_BUNDLE_IDENTIFIER = "sqwork.Miko-sDemoTests";
				PRODUCT_NAME = "$(TARGET_NAME)";
				TEST_HOST = "$(BUILT_PRODUCTS_DIR)/Miko'sDemo.app/Miko'sDemo";
			};
			name = Release;
		};
		B26B3EF11F0E17D8007A571D /* Debug */ = {
			isa = XCBuildConfiguration;
			buildSettings = {
				DEVELOPMENT_TEAM = 55R49X8T6E;
				INFOPLIST_FILE = "Miko'sDemoUITests/Info.plist";
				LD_RUNPATH_SEARCH_PATHS = "$(inherited) @executable_path/Frameworks @loader_path/Frameworks";
				PRODUCT_BUNDLE_IDENTIFIER = "sqwork.Miko-sDemoUITests";
				PRODUCT_NAME = "$(TARGET_NAME)";
				TEST_TARGET_NAME = "Miko'sDemo";
			};
			name = Debug;
		};
		B26B3EF21F0E17D8007A571D /* Release */ = {
			isa = XCBuildConfiguration;
			buildSettings = {
				DEVELOPMENT_TEAM = 55R49X8T6E;
				INFOPLIST_FILE = "Miko'sDemoUITests/Info.plist";
				LD_RUNPATH_SEARCH_PATHS = "$(inherited) @executable_path/Frameworks @loader_path/Frameworks";
				PRODUCT_BUNDLE_IDENTIFIER = "sqwork.Miko-sDemoUITests";
				PRODUCT_NAME = "$(TARGET_NAME)";
				TEST_TARGET_NAME = "Miko'sDemo";
			};
			name = Release;
		};
/* End XCBuildConfiguration section */

/* Begin XCConfigurationList section */
		B26B3EB51F0E17D8007A571D /* Build configuration list for PBXProject "Miko'sDemo" */ = {
			isa = XCConfigurationList;
			buildConfigurations = (
				B26B3EE81F0E17D8007A571D /* Debug */,
				B26B3EE91F0E17D8007A571D /* Release */,
			);
			defaultConfigurationIsVisible = 0;
			defaultConfigurationName = Release;
		};
		B26B3EEA1F0E17D8007A571D /* Build configuration list for PBXNativeTarget "Miko'sDemo" */ = {
			isa = XCConfigurationList;
			buildConfigurations = (
				B26B3EEB1F0E17D8007A571D /* Debug */,
				B26B3EEC1F0E17D8007A571D /* Release */,
			);
			defaultConfigurationIsVisible = 0;
			defaultConfigurationName = Release;
		};
		B26B3EED1F0E17D8007A571D /* Build configuration list for PBXNativeTarget "Miko'sDemoTests" */ = {
			isa = XCConfigurationList;
			buildConfigurations = (
				B26B3EEE1F0E17D8007A571D /* Debug */,
				B26B3EEF1F0E17D8007A571D /* Release */,
			);
			defaultConfigurationIsVisible = 0;
			defaultConfigurationName = Release;
		};
		B26B3EF01F0E17D8007A571D /* Build configuration list for PBXNativeTarget "Miko'sDemoUITests" */ = {
			isa = XCConfigurationList;
			buildConfigurations = (
				B26B3EF11F0E17D8007A571D /* Debug */,
				B26B3EF21F0E17D8007A571D /* Release */,
			);
			defaultConfigurationIsVisible = 0;
			defaultConfigurationName = Release;
		};
/* End XCConfigurationList section */
	};
	rootObject = B26B3EB21F0E17D8007A571D /* Project object */;
}
